
Microsoft Visual Studio Solution File, Format Version 12.00
# Visual Studio Version 17
VisualStudioVersion = 17.1.32228.430
MinimumVisualStudioVersion = 15.0.26124.0
Project("{9A19103F-16F7-4668-BE54-9A1E7A4F7556}") = "Anixe.QualityTools", "Anixe.QualityTools\Anixe.QualityTools.csproj", "{2152A70B-DC68-4FFC-B5B3-088757BB1074}"
EndProject
Project("{9A19103F-16F7-4668-BE54-9A1E7A4F7556}") = "Anixe.QualityTools.Test", "Anixe.QualityTools.Test\Anixe.QualityTools.Test.csproj", "{D3601791-A10E-496D-AB06-D364DCBEEB57}"
EndProject
Project("{2150E333-8FDC-42A3-9474-1A3956D46DE8}") = "Solution Items", "Solution Items", "{075820FC-1950-4379-89D9-B03CB31D1556}"
	ProjectSection(SolutionItems) = preProject
		.editorconfig = .editorconfig
		README.md = README.md
	EndProjectSection
EndProject
Project("{9A19103F-16F7-4668-BE54-9A1E7A4F7556}") = "Anixe.QualityTools.BenchmarkRunner.Tester", "Anixe.QualityTools.BenchmarkRunner.Tester\Anixe.QualityTools.BenchmarkRunner.Tester.csproj", "{8FA4A82F-A27B-40E3-B405-83A6D278E88F}"
EndProject
Global
	GlobalSection(SolutionConfigurationPlatforms) = preSolution
		Debug|Any CPU = Debug|Any CPU
		Debug|x64 = Debug|x64
		Debug|x86 = Debug|x86
		Release|Any CPU = Release|Any CPU
		Release|x64 = Release|x64
		Release|x86 = Release|x86
	EndGlobalSection
	GlobalSection(ProjectConfigurationPlatforms) = postSolution
		{2152A70B-DC68-4FFC-B5B3-088757BB1074}.Debug|Any CPU.ActiveCfg = Debug|Any CPU
		{2152A70B-DC68-4FFC-B5B3-088757BB1074}.Debug|Any CPU.Build.0 = Debug|Any CPU
		{2152A70B-DC68-4FFC-B5B3-088757BB1074}.Debug|x64.ActiveCfg = Debug|Any CPU
		{2152A70B-DC68-4FFC-B5B3-088757BB1074}.Debug|x64.Build.0 = Debug|Any CPU
		{2152A70B-DC68-4FFC-B5B3-088757BB1074}.Debug|x86.ActiveCfg = Debug|Any CPU
		{2152A70B-DC68-4FFC-B5B3-088757BB1074}.Debug|x86.Build.0 = Debug|Any CPU
		{2152A70B-DC68-4FFC-B5B3-088757BB1074}.Release|Any CPU.ActiveCfg = Release|Any CPU
		{2152A70B-DC68-4FFC-B5B3-088757BB1074}.Release|Any CPU.Build.0 = Release|Any CPU
		{2152A70B-DC68-4FFC-B5B3-088757BB1074}.Release|x64.ActiveCfg = Release|Any CPU
		{2152A70B-DC68-4FFC-B5B3-088757BB1074}.Release|x64.Build.0 = Release|Any CPU
		{2152A70B-DC68-4FFC-B5B3-088757BB1074}.Release|x86.ActiveCfg = Release|Any CPU
		{2152A70B-DC68-4FFC-B5B3-088757BB1074}.Release|x86.Build.0 = Release|Any CPU
		{D3601791-A10E-496D-AB06-D364DCBEEB57}.Debug|Any CPU.ActiveCfg = Debug|Any CPU
		{D3601791-A10E-496D-AB06-D364DCBEEB57}.Debug|Any CPU.Build.0 = Debug|Any CPU
		{D3601791-A10E-496D-AB06-D364DCBEEB57}.Debug|x64.ActiveCfg = Debug|Any CPU
		{D3601791-A10E-496D-AB06-D364DCBEEB57}.Debug|x64.Build.0 = Debug|Any CPU
		{D3601791-A10E-496D-AB06-D364DCBEEB57}.Debug|x86.ActiveCfg = Debug|Any CPU
		{D3601791-A10E-496D-AB06-D364DCBEEB57}.Debug|x86.Build.0 = Debug|Any CPU
		{D3601791-A10E-496D-AB06-D364DCBEEB57}.Release|Any CPU.ActiveCfg = Release|Any CPU
		{D3601791-A10E-496D-AB06-D364DCBEEB57}.Release|Any CPU.Build.0 = Release|Any CPU
		{D3601791-A10E-496D-AB06-D364DCBEEB57}.Release|x64.ActiveCfg = Release|Any CPU
		{D3601791-A10E-496D-AB06-D364DCBEEB57}.Release|x64.Build.0 = Release|Any CPU
		{D3601791-A10E-496D-AB06-D364DCBEEB57}.Release|x86.ActiveCfg = Release|Any CPU
		{D3601791-A10E-496D-AB06-D364DCBEEB57}.Release|x86.Build.0 = Release|Any CPU
		{8FA4A82F-A27B-40E3-B405-83A6D278E88F}.Debug|Any CPU.ActiveCfg = Debug|Any CPU
		{8FA4A82F-A27B-40E3-B405-83A6D278E88F}.Debug|Any CPU.Build.0 = Debug|Any CPU
		{8FA4A82F-A27B-40E3-B405-83A6D278E88F}.Debug|x64.ActiveCfg = Debug|Any CPU
		{8FA4A82F-A27B-40E3-B405-83A6D278E88F}.Debug|x64.Build.0 = Debug|Any CPU
		{8FA4A82F-A27B-40E3-B405-83A6D278E88F}.Debug|x86.ActiveCfg = Debug|Any CPU
		{8FA4A82F-A27B-40E3-B405-83A6D278E88F}.Debug|x86.Build.0 = Debug|Any CPU
		{8FA4A82F-A27B-40E3-B405-83A6D278E88F}.Release|Any CPU.ActiveCfg = Release|Any CPU
		{8FA4A82F-A27B-40E3-B405-83A6D278E88F}.Release|Any CPU.Build.0 = Release|Any CPU
		{8FA4A82F-A27B-40E3-B405-83A6D278E88F}.Release|x64.ActiveCfg = Release|Any CPU
		{8FA4A82F-A27B-40E3-B405-83A6D278E88F}.Release|x64.Build.0 = Release|Any CPU
		{8FA4A82F-A27B-40E3-B405-83A6D278E88F}.Release|x86.ActiveCfg = Release|Any CPU
		{8FA4A82F-A27B-40E3-B405-83A6D278E88F}.Release|x86.Build.0 = Release|Any CPU
	EndGlobalSection
	GlobalSection(SolutionProperties) = preSolution
		HideSolutionNode = FALSE
	EndGlobalSection
	GlobalSection(ExtensibilityGlobals) = postSolution
		SolutionGuid = {0796322E-53FB-4338-8903-1D01B7F8B2EC}
	EndGlobalSection
EndGlobal
